
Microsoft Visual Studio Solution File, Format Version 12.00
# Visual Studio Version 17
VisualStudioVersion = 17.5.002.0
MinimumVisualStudioVersion = 10.0.40219.1
Project("{9A19103F-16F7-4668-BE54-9A1E7A4F7556}") = "Compiler", "Compiler.csproj", "{5D19FAC4-B08A-406B-8BA9-48835389107C}"
EndProject
Global
	GlobalSection(SolutionConfigurationPlatforms) = preSolution
		Debug|Any CPU = Debug|Any CPU
		Release|Any CPU = Release|Any CPU
	EndGlobalSection
	GlobalSection(ProjectConfigurationPlatforms) = postSolution
		{5D19FAC4-B08A-406B-8BA9-48835389107C}.Debug|Any CPU.ActiveCfg = Debug|Any CPU
		{5D19FAC4-B08A-406B-8BA9-48835389107C}.Debug|Any CPU.Build.0 = Debug|Any CPU
		{5D19FAC4-B08A-406B-8BA9-48835389107C}.Release|Any CPU.ActiveCfg = Release|Any CPU
		{5D19FAC4-B08A-406B-8BA9-48835389107C}.Release|Any CPU.Build.0 = Release|Any CPU
	EndGlobalSection
	GlobalSection(SolutionProperties) = preSolution
		HideSolutionNode = FALSE
	EndGlobalSection
	GlobalSection(ExtensibilityGlobals) = postSolution
		SolutionGuid = {02BE979B-C538-477F-B6B2-B1F5E7FB1A55}
	EndGlobalSection
EndGlobal
